
Microsoft Visual Studio Solution File, Format Version 12.00
# Visual Studio 15
VisualStudioVersion = 15.0.28010.2003
MinimumVisualStudioVersion = 10.0.40219.1
Project("{FAE04EC0-301F-11D3-BF4B-00C04F79EFBC}") = "WpfKontaktverwaltung", "WpfKontaktverwaltung\WpfKontaktverwaltung.csproj", "{AD06C0E9-0DCA-4A8E-B2BF-649B350D8FD0}"
EndProject
Global
	GlobalSection(SolutionConfigurationPlatforms) = preSolution
		Debug|Any CPU = Debug|Any CPU
		Release|Any CPU = Release|Any CPU
	EndGlobalSection
	GlobalSection(ProjectConfigurationPlatforms) = postSolution
		{AD06C0E9-0DCA-4A8E-B2BF-649B350D8FD0}.Debug|Any CPU.ActiveCfg = Debug|Any CPU
		{AD06C0E9-0DCA-4A8E-B2BF-649B350D8FD0}.Debug|Any CPU.Build.0 = Debug|Any CPU
		{AD06C0E9-0DCA-4A8E-B2BF-649B350D8FD0}.Release|Any CPU.ActiveCfg = Release|Any CPU
		{AD06C0E9-0DCA-4A8E-B2BF-649B350D8FD0}.Release|Any CPU.Build.0 = Release|Any CPU
	EndGlobalSection
	GlobalSection(SolutionProperties) = preSolution
		HideSolutionNode = FALSE
	EndGlobalSection
	GlobalSection(ExtensibilityGlobals) = postSolution
		SolutionGuid = {422DA15B-C9E7-4414-9304-91C111F0CF4A}
	EndGlobalSection
EndGlobal
